
Microsoft Visual Studio Solution File, Format Version 12.00
# Visual Studio Version 17
VisualStudioVersion = 17.0.31903.59
MinimumVisualStudioVersion = 10.0.40219.1
Project("{FAE04EC0-301F-11D3-BF4B-00C04F79EFBC}") = "Propel.FeatureFlags", "src\Propel.FeatureFlags\Propel.FeatureFlags.csproj", "{74251B95-3194-1639-D8AF-4A930D0DB0F0}"
EndProject
Project("{FAE04EC0-301F-11D3-BF4B-00C04F79EFBC}") = "Propel.FeatureFlags.AspNetCore", "src\Propel.FeatureFlags.AspNetCore\Propel.FeatureFlags.AspNetCore.csproj", "{5C49356F-EC12-C2B9-1C52-484D1663837F}"
EndProject
Project("{FAE04EC0-301F-11D3-BF4B-00C04F79EFBC}") = "Propel.FeatureFlags.Attributes", "src\Propel.FeatureFlags.Attributes\Propel.FeatureFlags.Attributes.csproj", "{7AC40E61-2CC8-87C4-F478-1B2350B15045}"
EndProject
Project("{2150E333-8FDC-42A3-9474-1A3956D46DE8}") = "infrastructure", "infrastructure", "{02EA681E-C7D8-13C7-8484-4AC65E1B71E8}"
EndProject
Project("{2150E333-8FDC-42A3-9474-1A3956D46DE8}") = "tests", "tests", "{1EBFCD0E-23BF-4578-B14D-40DEF03DF792}"
EndProject
Project("{FAE04EC0-301F-11D3-BF4B-00C04F79EFBC}") = "UnitTests", "tests\UnitTests\UnitTests.csproj", "{F7316C68-F26C-40ED-67DC-71F1E36383B7}"
EndProject
Project("{2150E333-8FDC-42A3-9474-1A3956D46DE8}") = "demo", "demo", "{B35B9A4F-7FDA-4842-90DB-833533AD0C02}"
EndProject
Project("{2150E333-8FDC-42A3-9474-1A3956D46DE8}") = "src", "src", "{FBB511E7-C532-48AF-A111-684F0E1B21D4}"
EndProject
Project("{2150E333-8FDC-42A3-9474-1A3956D46DE8}") = "Solution Items", "Solution Items", "{8EC462FD-D22E-90A8-E5CE-7E832BA40C5D}"
	ProjectSection(SolutionItems) = preProject
		Directory.Build.props = Directory.Build.props
		README.md = README.md
	EndProjectSection
EndProject
Project("{FAE04EC0-301F-11D3-BF4B-00C04F79EFBC}") = "Propel.FeatureFlags.Infrastructure.PostgresSql", "infrastructure\Propel.FeatureFlags.Infrastructure.PostgresSql\Propel.FeatureFlags.Infrastructure.PostgresSql.csproj", "{5F42F4AF-C983-F099-F7CB-BFFAC191B53B}"
EndProject
Project("{FAE04EC0-301F-11D3-BF4B-00C04F79EFBC}") = "Propel.FeatureFlags.Infrastructure.Redis", "infrastructure\Propel.FeatureFlags.Infrastructure.Redis\Propel.FeatureFlags.Infrastructure.Redis.csproj", "{F24A32CB-B1C0-0359-4E6E-0A0EB3A9B65C}"
EndProject
Project("{FAE04EC0-301F-11D3-BF4B-00C04F79EFBC}") = "WebClientDemo", "usage-demo\WebClientDemo\WebClientDemo.csproj", "{DC458ACE-8C9C-BBB3-EEAE-8F719523A091}"
EndProject
Project("{E53339B2-1760-4266-BCC7-CA923CBCF16C}") = "docker-compose", "usage-demo\docker-compose.dcproj", "{81DDED9D-158B-E303-5F62-77A2896D2A5A}"
EndProject
Project("{FAE04EC0-301F-11D3-BF4B-00C04F79EFBC}") = "Propel.FeatureFlags.Infrastructure.SqlServer", "infrastructure\Propel.FeatureFlags.Infrastructure.SqlServer\Propel.FeatureFlags.Infrastructure.SqlServer.csproj", "{CC43FA0D-174D-049D-6F91-E33C74F921E2}"
EndProject
Project("{2150E333-8FDC-42A3-9474-1A3956D46DE8}") = "migrations", "migrations", "{A4E6A502-D6F5-4250-B66E-D058D1079AA5}"
EndProject
Project("{2150E333-8FDC-42A3-9474-1A3956D46DE8}") = "dashboard", "dashboard", "{016F2DB1-DF80-40A2-9649-0FD0AE255814}"
EndProject
Project("{FAE04EC0-301F-11D3-BF4B-00C04F79EFBC}") = "Propel.FeatureFlags.Dashboard.Api", "dashboard\Propel.FeatureFlags.Dashboard.Api\Propel.FeatureFlags.Dashboard.Api.csproj", "{AE04054B-58BF-8B16-25F8-FF8A4DB671E1}"
EndProject
Project("{FAE04EC0-301F-11D3-BF4B-00C04F79EFBC}") = "IntegrationTests.Postgres", "tests\IntegrationTests.Postgres\IntegrationTests.Postgres.csproj", "{A2DF3483-1D53-6B15-287F-FA1E2027E366}"
EndProject
Project("{FAE04EC0-301F-11D3-BF4B-00C04F79EFBC}") = "IntegrationTests.Redis", "tests\IntegrationTests.Redis\IntegrationTests.Redis.csproj", "{C6E728FA-E911-0CDA-04F5-BC2FE29E50D0}"
EndProject
Project("{FAE04EC0-301F-11D3-BF4B-00C04F79EFBC}") = "IntegrationTests.SqlServer", "tests\IntegrationTests.SqlServer\IntegrationTests.SqlServer.csproj", "{7626062D-482D-0D95-BF7B-BB89AB93032E}"
EndProject
Project("{FAE04EC0-301F-11D3-BF4B-00C04F79EFBC}") = "Propel.FeatureFlags.Migrations.CLI", "infrastructure\migrations\Propel.FeatureFlags.Migrations.CLI\Propel.FeatureFlags.Migrations.CLI.csproj", "{39B23AD1-06BA-45E4-894D-6B76FA9D71C1}"
EndProject
Global
	GlobalSection(SolutionConfigurationPlatforms) = preSolution
		Debug|Any CPU = Debug|Any CPU
		Release|Any CPU = Release|Any CPU
	EndGlobalSection
	GlobalSection(ProjectConfigurationPlatforms) = postSolution
		{74251B95-3194-1639-D8AF-4A930D0DB0F0}.Debug|Any CPU.ActiveCfg = Debug|Any CPU
		{74251B95-3194-1639-D8AF-4A930D0DB0F0}.Debug|Any CPU.Build.0 = Debug|Any CPU
		{74251B95-3194-1639-D8AF-4A930D0DB0F0}.Release|Any CPU.ActiveCfg = Release|Any CPU
		{74251B95-3194-1639-D8AF-4A930D0DB0F0}.Release|Any CPU.Build.0 = Release|Any CPU
		{5C49356F-EC12-C2B9-1C52-484D1663837F}.Debug|Any CPU.ActiveCfg = Debug|Any CPU
		{5C49356F-EC12-C2B9-1C52-484D1663837F}.Debug|Any CPU.Build.0 = Debug|Any CPU
		{5C49356F-EC12-C2B9-1C52-484D1663837F}.Release|Any CPU.ActiveCfg = Release|Any CPU
		{5C49356F-EC12-C2B9-1C52-484D1663837F}.Release|Any CPU.Build.0 = Release|Any CPU
		{7AC40E61-2CC8-87C4-F478-1B2350B15045}.Debug|Any CPU.ActiveCfg = Debug|Any CPU
		{7AC40E61-2CC8-87C4-F478-1B2350B15045}.Debug|Any CPU.Build.0 = Debug|Any CPU
		{7AC40E61-2CC8-87C4-F478-1B2350B15045}.Release|Any CPU.ActiveCfg = Release|Any CPU
		{7AC40E61-2CC8-87C4-F478-1B2350B15045}.Release|Any CPU.Build.0 = Release|Any CPU
		{F7316C68-F26C-40ED-67DC-71F1E36383B7}.Debug|Any CPU.ActiveCfg = Debug|Any CPU
		{F7316C68-F26C-40ED-67DC-71F1E36383B7}.Debug|Any CPU.Build.0 = Debug|Any CPU
		{F7316C68-F26C-40ED-67DC-71F1E36383B7}.Release|Any CPU.ActiveCfg = Release|Any CPU
		{F7316C68-F26C-40ED-67DC-71F1E36383B7}.Release|Any CPU.Build.0 = Release|Any CPU
		{5F42F4AF-C983-F099-F7CB-BFFAC191B53B}.Debug|Any CPU.ActiveCfg = Debug|Any CPU
		{5F42F4AF-C983-F099-F7CB-BFFAC191B53B}.Debug|Any CPU.Build.0 = Debug|Any CPU
		{5F42F4AF-C983-F099-F7CB-BFFAC191B53B}.Release|Any CPU.ActiveCfg = Release|Any CPU
		{5F42F4AF-C983-F099-F7CB-BFFAC191B53B}.Release|Any CPU.Build.0 = Release|Any CPU
		{F24A32CB-B1C0-0359-4E6E-0A0EB3A9B65C}.Debug|Any CPU.ActiveCfg = Debug|Any CPU
		{F24A32CB-B1C0-0359-4E6E-0A0EB3A9B65C}.Debug|Any CPU.Build.0 = Debug|Any CPU
		{F24A32CB-B1C0-0359-4E6E-0A0EB3A9B65C}.Release|Any CPU.ActiveCfg = Release|Any CPU
		{F24A32CB-B1C0-0359-4E6E-0A0EB3A9B65C}.Release|Any CPU.Build.0 = Release|Any CPU
		{DC458ACE-8C9C-BBB3-EEAE-8F719523A091}.Debug|Any CPU.ActiveCfg = Debug|Any CPU
		{DC458ACE-8C9C-BBB3-EEAE-8F719523A091}.Debug|Any CPU.Build.0 = Debug|Any CPU
		{DC458ACE-8C9C-BBB3-EEAE-8F719523A091}.Release|Any CPU.ActiveCfg = Release|Any CPU
		{DC458ACE-8C9C-BBB3-EEAE-8F719523A091}.Release|Any CPU.Build.0 = Release|Any CPU
		{81DDED9D-158B-E303-5F62-77A2896D2A5A}.Debug|Any CPU.ActiveCfg = Debug|Any CPU
		{81DDED9D-158B-E303-5F62-77A2896D2A5A}.Debug|Any CPU.Build.0 = Debug|Any CPU
		{81DDED9D-158B-E303-5F62-77A2896D2A5A}.Release|Any CPU.ActiveCfg = Release|Any CPU
		{81DDED9D-158B-E303-5F62-77A2896D2A5A}.Release|Any CPU.Build.0 = Release|Any CPU
		{CC43FA0D-174D-049D-6F91-E33C74F921E2}.Debug|Any CPU.ActiveCfg = Debug|Any CPU
		{CC43FA0D-174D-049D-6F91-E33C74F921E2}.Debug|Any CPU.Build.0 = Debug|Any CPU
		{CC43FA0D-174D-049D-6F91-E33C74F921E2}.Release|Any CPU.ActiveCfg = Release|Any CPU
		{CC43FA0D-174D-049D-6F91-E33C74F921E2}.Release|Any CPU.Build.0 = Release|Any CPU
		{AE04054B-58BF-8B16-25F8-FF8A4DB671E1}.Debug|Any CPU.ActiveCfg = Debug|Any CPU
		{AE04054B-58BF-8B16-25F8-FF8A4DB671E1}.Debug|Any CPU.Build.0 = Debug|Any CPU
		{AE04054B-58BF-8B16-25F8-FF8A4DB671E1}.Release|Any CPU.ActiveCfg = Release|Any CPU
		{AE04054B-58BF-8B16-25F8-FF8A4DB671E1}.Release|Any CPU.Build.0 = Release|Any CPU
		{A2DF3483-1D53-6B15-287F-FA1E2027E366}.Debug|Any CPU.ActiveCfg = Debug|Any CPU
		{A2DF3483-1D53-6B15-287F-FA1E2027E366}.Debug|Any CPU.Build.0 = Debug|Any CPU
		{A2DF3483-1D53-6B15-287F-FA1E2027E366}.Release|Any CPU.ActiveCfg = Release|Any CPU
		{A2DF3483-1D53-6B15-287F-FA1E2027E366}.Release|Any CPU.Build.0 = Release|Any CPU
		{C6E728FA-E911-0CDA-04F5-BC2FE29E50D0}.Debug|Any CPU.ActiveCfg = Debug|Any CPU
		{C6E728FA-E911-0CDA-04F5-BC2FE29E50D0}.Debug|Any CPU.Build.0 = Debug|Any CPU
		{C6E728FA-E911-0CDA-04F5-BC2FE29E50D0}.Release|Any CPU.ActiveCfg = Release|Any CPU
		{C6E728FA-E911-0CDA-04F5-BC2FE29E50D0}.Release|Any CPU.Build.0 = Release|Any CPU
		{7626062D-482D-0D95-BF7B-BB89AB93032E}.Debug|Any CPU.ActiveCfg = Debug|Any CPU
		{7626062D-482D-0D95-BF7B-BB89AB93032E}.Debug|Any CPU.Build.0 = Debug|Any CPU
		{7626062D-482D-0D95-BF7B-BB89AB93032E}.Release|Any CPU.ActiveCfg = Release|Any CPU
		{7626062D-482D-0D95-BF7B-BB89AB93032E}.Release|Any CPU.Build.0 = Release|Any CPU
		{39B23AD1-06BA-45E4-894D-6B76FA9D71C1}.Debug|Any CPU.ActiveCfg = Debug|Any CPU
		{39B23AD1-06BA-45E4-894D-6B76FA9D71C1}.Debug|Any CPU.Build.0 = Debug|Any CPU
		{39B23AD1-06BA-45E4-894D-6B76FA9D71C1}.Release|Any CPU.ActiveCfg = Release|Any CPU
		{39B23AD1-06BA-45E4-894D-6B76FA9D71C1}.Release|Any CPU.Build.0 = Release|Any CPU
	EndGlobalSection
	GlobalSection(SolutionProperties) = preSolution
		HideSolutionNode = FALSE
	EndGlobalSection
	GlobalSection(NestedProjects) = preSolution
		{74251B95-3194-1639-D8AF-4A930D0DB0F0} = {FBB511E7-C532-48AF-A111-684F0E1B21D4}
		{5C49356F-EC12-C2B9-1C52-484D1663837F} = {FBB511E7-C532-48AF-A111-684F0E1B21D4}
		{7AC40E61-2CC8-87C4-F478-1B2350B15045} = {FBB511E7-C532-48AF-A111-684F0E1B21D4}
		{F7316C68-F26C-40ED-67DC-71F1E36383B7} = {1EBFCD0E-23BF-4578-B14D-40DEF03DF792}
		{5F42F4AF-C983-F099-F7CB-BFFAC191B53B} = {02EA681E-C7D8-13C7-8484-4AC65E1B71E8}
		{F24A32CB-B1C0-0359-4E6E-0A0EB3A9B65C} = {02EA681E-C7D8-13C7-8484-4AC65E1B71E8}
		{DC458ACE-8C9C-BBB3-EEAE-8F719523A091} = {B35B9A4F-7FDA-4842-90DB-833533AD0C02}
		{81DDED9D-158B-E303-5F62-77A2896D2A5A} = {B35B9A4F-7FDA-4842-90DB-833533AD0C02}
		{CC43FA0D-174D-049D-6F91-E33C74F921E2} = {02EA681E-C7D8-13C7-8484-4AC65E1B71E8}
		{A4E6A502-D6F5-4250-B66E-D058D1079AA5} = {02EA681E-C7D8-13C7-8484-4AC65E1B71E8}
		{AE04054B-58BF-8B16-25F8-FF8A4DB671E1} = {016F2DB1-DF80-40A2-9649-0FD0AE255814}
		{A2DF3483-1D53-6B15-287F-FA1E2027E366} = {1EBFCD0E-23BF-4578-B14D-40DEF03DF792}
		{C6E728FA-E911-0CDA-04F5-BC2FE29E50D0} = {1EBFCD0E-23BF-4578-B14D-40DEF03DF792}
		{7626062D-482D-0D95-BF7B-BB89AB93032E} = {1EBFCD0E-23BF-4578-B14D-40DEF03DF792}
		{39B23AD1-06BA-45E4-894D-6B76FA9D71C1} = {A4E6A502-D6F5-4250-B66E-D058D1079AA5}
	EndGlobalSection
	GlobalSection(ExtensibilityGlobals) = postSolution
		SolutionGuid = {B84A57E7-342F-45BE-BD70-F37A7F4D7E27}
	EndGlobalSection
EndGlobal
